// !$*UTF8*$!
{
	archiveVersion = 1;
	classes = {
	};
	objectVersion = 46;
	objects = {

/* Begin PBXBuildFile section */
		4056DC901F489A4D000EFB1B /* AppDelegate.swift in Sources */ = {isa = PBXBuildFile; fileRef = 4056DC8F1F489A4D000EFB1B /* AppDelegate.swift */; };
		4056DC951F489A4D000EFB1B /* Main.storyboard in Resources */ = {isa = PBXBuildFile; fileRef = 4056DC931F489A4D000EFB1B /* Main.storyboard */; };
		4056DC971F489A4D000EFB1B /* Assets.xcassets in Resources */ = {isa = PBXBuildFile; fileRef = 4056DC961F489A4D000EFB1B /* Assets.xcassets */; };
		4056DC9A1F489A4D000EFB1B /* LaunchScreen.storyboard in Resources */ = {isa = PBXBuildFile; fileRef = 4056DC981F489A4D000EFB1B /* LaunchScreen.storyboard */; };
		4056DCA51F489A4D000EFB1B /* restful_apiTests.swift in Sources */ = {isa = PBXBuildFile; fileRef = 4056DCA41F489A4D000EFB1B /* restful_apiTests.swift */; };
		4056DCB01F489A4D000EFB1B /* restful_apiUITests.swift in Sources */ = {isa = PBXBuildFile; fileRef = 4056DCAF1F489A4D000EFB1B /* restful_apiUITests.swift */; };
		4056DCBE1F489CF2000EFB1B /* MovieTableViewController.swift in Sources */ = {isa = PBXBuildFile; fileRef = 4056DCBD1F489CF2000EFB1B /* MovieTableViewController.swift */; };
		4056DCC01F48A4FA000EFB1B /* MovieTableViewCell.swift in Sources */ = {isa = PBXBuildFile; fileRef = 4056DCBF1F48A4FA000EFB1B /* MovieTableViewCell.swift */; };
		4056DCC21F48B253000EFB1B /* Movie.swift in Sources */ = {isa = PBXBuildFile; fileRef = 4056DCC11F48B253000EFB1B /* Movie.swift */; };
		4056DCC41F48D45F000EFB1B /* MovieDetailViewController.swift in Sources */ = {isa = PBXBuildFile; fileRef = 4056DCC31F48D45F000EFB1B /* MovieDetailViewController.swift */; };
/* End PBXBuildFile section */

/* Begin PBXContainerItemProxy section */
		4056DCA11F489A4D000EFB1B /* PBXContainerItemProxy */ = {
			isa = PBXContainerItemProxy;
			containerPortal = 4056DC841F489A4D000EFB1B /* Project object */;
			proxyType = 1;
			remoteGlobalIDString = 4056DC8B1F489A4D000EFB1B;
			remoteInfo = restful_api;
		};
		4056DCAC1F489A4D000EFB1B /* PBXContainerItemProxy */ = {
			isa = PBXContainerItemProxy;
			containerPortal = 4056DC841F489A4D000EFB1B /* Project object */;
			proxyType = 1;
			remoteGlobalIDString = 4056DC8B1F489A4D000EFB1B;
			remoteInfo = restful_api;
		};
/* End PBXContainerItemProxy section */

/* Begin PBXFileReference section */
		4056DC8C1F489A4D000EFB1B /* restful_api.app */ = {isa = PBXFileReference; explicitFileType = wrapper.application; includeInIndex = 0; path = restful_api.app; sourceTree = BUILT_PRODUCTS_DIR; };
		4056DC8F1F489A4D000EFB1B /* AppDelegate.swift */ = {isa = PBXFileReference; lastKnownFileType = sourcecode.swift; path = AppDelegate.swift; sourceTree = "<group>"; };
		4056DC941F489A4D000EFB1B /* Base */ = {isa = PBXFileReference; lastKnownFileType = file.storyboard; name = Base; path = Base.lproj/Main.storyboard; sourceTree = "<group>"; };
		4056DC961F489A4D000EFB1B /* Assets.xcassets */ = {isa = PBXFileReference; lastKnownFileType = folder.assetcatalog; path = Assets.xcassets; sourceTree = "<group>"; };
		4056DC991F489A4D000EFB1B /* Base */ = {isa = PBXFileReference; lastKnownFileType = file.storyboard; name = Base; path = Base.lproj/LaunchScreen.storyboard; sourceTree = "<group>"; };
		4056DC9B1F489A4D000EFB1B /* Info.plist */ = {isa = PBXFileReference; lastKnownFileType = text.plist.xml; path = Info.plist; sourceTree = "<group>"; };
		4056DCA01F489A4D000EFB1B /* restful_apiTests.xctest */ = {isa = PBXFileReference; explicitFileType = wrapper.cfbundle; includeInIndex = 0; path = restful_apiTests.xctest; sourceTree = BUILT_PRODUCTS_DIR; };
		4056DCA41F489A4D000EFB1B /* restful_apiTests.swift */ = {isa = PBXFileReference; lastKnownFileType = sourcecode.swift; path = restful_apiTests.swift; sourceTree = "<group>"; };
		4056DCA61F489A4D000EFB1B /* Info.plist */ = {isa = PBXFileReference; lastKnownFileType = text.plist.xml; path = Info.plist; sourceTree = "<group>"; };
		4056DCAB1F489A4D000EFB1B /* restful_apiUITests.xctest */ = {isa = PBXFileReference; explicitFileType = wrapper.cfbundle; includeInIndex = 0; path = restful_apiUITests.xctest; sourceTree = BUILT_PRODUCTS_DIR; };
		4056DCAF1F489A4D000EFB1B /* restful_apiUITests.swift */ = {isa = PBXFileReference; lastKnownFileType = sourcecode.swift; path = restful_apiUITests.swift; sourceTree = "<group>"; };
		4056DCB11F489A4D000EFB1B /* Info.plist */ = {isa = PBXFileReference; lastKnownFileType = text.plist.xml; path = Info.plist; sourceTree = "<group>"; };
		4056DCBD1F489CF2000EFB1B /* MovieTableViewController.swift */ = {isa = PBXFileReference; fileEncoding = 4; lastKnownFileType = sourcecode.swift; path = MovieTableViewController.swift; sourceTree = "<group>"; };
		4056DCBF1F48A4FA000EFB1B /* MovieTableViewCell.swift */ = {isa = PBXFileReference; fileEncoding = 4; lastKnownFileType = sourcecode.swift; path = MovieTableViewCell.swift; sourceTree = "<group>"; };
		4056DCC11F48B253000EFB1B /* Movie.swift */ = {isa = PBXFileReference; fileEncoding = 4; lastKnownFileType = sourcecode.swift; path = Movie.swift; sourceTree = "<group>"; };
		4056DCC31F48D45F000EFB1B /* MovieDetailViewController.swift */ = {isa = PBXFileReference; fileEncoding = 4; lastKnownFileType = sourcecode.swift; path = MovieDetailViewController.swift; sourceTree = "<group>"; };
/* End PBXFileReference section */

/* Begin PBXFrameworksBuildPhase section */
		4056DC891F489A4D000EFB1B /* Frameworks */ = {
			isa = PBXFrameworksBuildPhase;
			buildActionMask = 2147483647;
			files = (
			);
			runOnlyForDeploymentPostprocessing = 0;
		};
		4056DC9D1F489A4D000EFB1B /* Frameworks */ = {
			isa = PBXFrameworksBuildPhase;
			buildActionMask = 2147483647;
			files = (
			);
			runOnlyForDeploymentPostprocessing = 0;
		};
		4056DCA81F489A4D000EFB1B /* Frameworks */ = {
			isa = PBXFrameworksBuildPhase;
			buildActionMask = 2147483647;
			files = (
			);
			runOnlyForDeploymentPostprocessing = 0;
		};
/* End PBXFrameworksBuildPhase section */

/* Begin PBXGroup section */
		4056DC831F489A4D000EFB1B = {
			isa = PBXGroup;
			children = (
				4056DCC11F48B253000EFB1B /* Movie.swift */,
				4056DC8E1F489A4D000EFB1B /* restful_api */,
				4056DCA31F489A4D000EFB1B /* restful_apiTests */,
				4056DCAE1F489A4D000EFB1B /* restful_apiUITests */,
				4056DC8D1F489A4D000EFB1B /* Products */,
			);
			sourceTree = "<group>";
		};
		4056DC8D1F489A4D000EFB1B /* Products */ = {
			isa = PBXGroup;
			children = (
				4056DC8C1F489A4D000EFB1B /* restful_api.app */,
				4056DCA01F489A4D000EFB1B /* restful_apiTests.xctest */,
				4056DCAB1F489A4D000EFB1B /* restful_apiUITests.xctest */,
			);
			name = Products;
			sourceTree = "<group>";
		};
		4056DC8E1F489A4D000EFB1B /* restful_api */ = {
			isa = PBXGroup;
			children = (
				4056DC8F1F489A4D000EFB1B /* AppDelegate.swift */,
				4056DC931F489A4D000EFB1B /* Main.storyboard */,
				4056DCC31F48D45F000EFB1B /* MovieDetailViewController.swift */,
				4056DCBF1F48A4FA000EFB1B /* MovieTableViewCell.swift */,
				4056DCBD1F489CF2000EFB1B /* MovieTableViewController.swift */,
				4056DC961F489A4D000EFB1B /* Assets.xcassets */,
				4056DC981F489A4D000EFB1B /* LaunchScreen.storyboard */,
				4056DC9B1F489A4D000EFB1B /* Info.plist */,
			);
			path = restful_api;
			sourceTree = "<group>";
		};
		4056DCA31F489A4D000EFB1B /* restful_apiTests */ = {
			isa = PBXGroup;
			children = (
				4056DCA41F489A4D000EFB1B /* restful_apiTests.swift */,
				4056DCA61F489A4D000EFB1B /* Info.plist */,
			);
			path = restful_apiTests;
			sourceTree = "<group>";
		};
		4056DCAE1F489A4D000EFB1B /* restful_apiUITests */ = {
			isa = PBXGroup;
			children = (
				4056DCAF1F489A4D000EFB1B /* restful_apiUITests.swift */,
				4056DCB11F489A4D000EFB1B /* Info.plist */,
			);
			path = restful_apiUITests;
			sourceTree = "<group>";
		};
/* End PBXGroup section */

/* Begin PBXNativeTarget section */
		4056DC8B1F489A4D000EFB1B /* restful_api */ = {
			isa = PBXNativeTarget;
			buildConfigurationList = 4056DCB41F489A4D000EFB1B /* Build configuration list for PBXNativeTarget "restful_api" */;
			buildPhases = (
				4056DC881F489A4D000EFB1B /* Sources */,
				4056DC891F489A4D000EFB1B /* Frameworks */,
				4056DC8A1F489A4D000EFB1B /* Resources */,
			);
			buildRules = (
			);
			dependencies = (
			);
			name = restful_api;
			productName = restful_api;
			productReference = 4056DC8C1F489A4D000EFB1B /* restful_api.app */;
			productType = "com.apple.product-type.application";
		};
		4056DC9F1F489A4D000EFB1B /* restful_apiTests */ = {
			isa = PBXNativeTarget;
			buildConfigurationList = 4056DCB71F489A4D000EFB1B /* Build configuration list for PBXNativeTarget "restful_apiTests" */;
			buildPhases = (
				4056DC9C1F489A4D000EFB1B /* Sources */,
				4056DC9D1F489A4D000EFB1B /* Frameworks */,
				4056DC9E1F489A4D000EFB1B /* Resources */,
			);
			buildRules = (
			);
			dependencies = (
				4056DCA21F489A4D000EFB1B /* PBXTargetDependency */,
			);
			name = restful_apiTests;
			productName = restful_apiTests;
			productReference = 4056DCA01F489A4D000EFB1B /* restful_apiTests.xctest */;
			productType = "com.apple.product-type.bundle.unit-test";
		};
		4056DCAA1F489A4D000EFB1B /* restful_apiUITests */ = {
			isa = PBXNativeTarget;
			buildConfigurationList = 4056DCBA1F489A4D000EFB1B /* Build configuration list for PBXNativeTarget "restful_apiUITests" */;
			buildPhases = (
				4056DCA71F489A4D000EFB1B /* Sources */,
				4056DCA81F489A4D000EFB1B /* Frameworks */,
				4056DCA91F489A4D000EFB1B /* Resources */,
			);
			buildRules = (
			);
			dependencies = (
				4056DCAD1F489A4D000EFB1B /* PBXTargetDependency */,
			);
			name = restful_apiUITests;
			productName = restful_apiUITests;
			productReference = 4056DCAB1F489A4D000EFB1B /* restful_apiUITests.xctest */;
			productType = "com.apple.product-type.bundle.ui-testing";
		};
/* End PBXNativeTarget section */

/* Begin PBXProject section */
		4056DC841F489A4D000EFB1B /* Project object */ = {
			isa = PBXProject;
			attributes = {
				LastSwiftUpdateCheck = 0830;
				LastUpgradeCheck = 0830;
				ORGANIZATIONNAME = railsbridge;
				TargetAttributes = {
					4056DC8B1F489A4D000EFB1B = {
						CreatedOnToolsVersion = 8.3.3;
						ProvisioningStyle = Automatic;
					};
					4056DC9F1F489A4D000EFB1B = {
						CreatedOnToolsVersion = 8.3.3;
						ProvisioningStyle = Automatic;
						TestTargetID = 4056DC8B1F489A4D000EFB1B;
					};
					4056DCAA1F489A4D000EFB1B = {
						CreatedOnToolsVersion = 8.3.3;
						ProvisioningStyle = Automatic;
						TestTargetID = 4056DC8B1F489A4D000EFB1B;
					};
				};
			};
			buildConfigurationList = 4056DC871F489A4D000EFB1B /* Build configuration list for PBXProject "restful_api" */;
			compatibilityVersion = "Xcode 3.2";
			developmentRegion = English;
			hasScannedForEncodings = 0;
			knownRegions = (
				en,
				Base,
			);
			mainGroup = 4056DC831F489A4D000EFB1B;
			productRefGroup = 4056DC8D1F489A4D000EFB1B /* Products */;
			projectDirPath = "";
			projectRoot = "";
			targets = (
				4056DC8B1F489A4D000EFB1B /* restful_api */,
				4056DC9F1F489A4D000EFB1B /* restful_apiTests */,
				4056DCAA1F489A4D000EFB1B /* restful_apiUITests */,
			);
		};
/* End PBXProject section */

/* Begin PBXResourcesBuildPhase section */
		4056DC8A1F489A4D000EFB1B /* Resources */ = {
			isa = PBXResourcesBuildPhase;
			buildActionMask = 2147483647;
			files = (
				4056DC9A1F489A4D000EFB1B /* LaunchScreen.storyboard in Resources */,
				4056DC971F489A4D000EFB1B /* Assets.xcassets in Resources */,
				4056DC951F489A4D000EFB1B /* Main.storyboard in Resources */,
			);
			runOnlyForDeploymentPostprocessing = 0;
		};
		4056DC9E1F489A4D000EFB1B /* Resources */ = {
			isa = PBXResourcesBuildPhase;
			buildActionMask = 2147483647;
			files = (
			);
			runOnlyForDeploymentPostprocessing = 0;
		};
		4056DCA91F489A4D000EFB1B /* Resources */ = {
			isa = PBXResourcesBuildPhase;
			buildActionMask = 2147483647;
			files = (
			);
			runOnlyForDeploymentPostprocessing = 0;
		};
/* End PBXResourcesBuildPhase section */

/* Begin PBXSourcesBuildPhase section */
		4056DC881F489A4D000EFB1B /* Sources */ = {
			isa = PBXSourcesBuildPhase;
			buildActionMask = 2147483647;
			files = (
				4056DCBE1F489CF2000EFB1B /* MovieTableViewController.swift in Sources */,
				4056DCC41F48D45F000EFB1B /* MovieDetailViewController.swift in Sources */,
				4056DC901F489A4D000EFB1B /* AppDelegate.swift in Sources */,
				4056DCC21F48B253000EFB1B /* Movie.swift in Sources */,
				4056DCC01F48A4FA000EFB1B /* MovieTableViewCell.swift in Sources */,
			);
			runOnlyForDeploymentPostprocessing = 0;
		};
		4056DC9C1F489A4D000EFB1B /* Sources */ = {
			isa = PBXSourcesBuildPhase;
			buildActionMask = 2147483647;
			files = (
				4056DCA51F489A4D000EFB1B /* restful_apiTests.swift in Sources */,
			);
			runOnlyForDeploymentPostprocessing = 0;
		};
		4056DCA71F489A4D000EFB1B /* Sources */ = {
			isa = PBXSourcesBuildPhase;
			buildActionMask = 2147483647;
			files = (
				4056DCB01F489A4D000EFB1B /* restful_apiUITests.swift in Sources */,
			);
			runOnlyForDeploymentPostprocessing = 0;
		};
/* End PBXSourcesBuildPhase section */

/* Begin PBXTargetDependency section */
		4056DCA21F489A4D000EFB1B /* PBXTargetDependency */ = {
			isa = PBXTargetDependency;
			target = 4056DC8B1F489A4D000EFB1B /* restful_api */;
			targetProxy = 4056DCA11F489A4D000EFB1B /* PBXContainerItemProxy */;
		};
		4056DCAD1F489A4D000EFB1B /* PBXTargetDependency */ = {
			isa = PBXTargetDependency;
			target = 4056DC8B1F489A4D000EFB1B /* restful_api */;
			targetProxy = 4056DCAC1F489A4D000EFB1B /* PBXContainerItemProxy */;
		};
/* End PBXTargetDependency section */

/* Begin PBXVariantGroup section */
		4056DC931F489A4D000EFB1B /* Main.storyboard */ = {
			isa = PBXVariantGroup;
			children = (
				4056DC941F489A4D000EFB1B /* Base */,
			);
			name = Main.storyboard;
			sourceTree = "<group>";
		};
		4056DC981F489A4D000EFB1B /* LaunchScreen.storyboard */ = {
			isa = PBXVariantGroup;
			children = (
				4056DC991F489A4D000EFB1B /* Base */,
			);
			name = LaunchScreen.storyboard;
			sourceTree = "<group>";
		};
/* End PBXVariantGroup section */

/* Begin XCBuildConfiguration section */
		4056DCB21F489A4D000EFB1B /* Debug */ = {
			isa = XCBuildConfiguration;
			buildSettings = {
				ALWAYS_SEARCH_USER_PATHS = NO;
				CLANG_ANALYZER_NONNULL = YES;
				CLANG_ANALYZER_NUMBER_OBJECT_CONVERSION = YES_AGGRESSIVE;
				CLANG_CXX_LANGUAGE_STANDARD = "gnu++0x";
				CLANG_CXX_LIBRARY = "libc++";
				CLANG_ENABLE_MODULES = YES;
				CLANG_ENABLE_OBJC_ARC = YES;
				CLANG_WARN_BOOL_CONVERSION = YES;
				CLANG_WARN_CONSTANT_CONVERSION = YES;
				CLANG_WARN_DIRECT_OBJC_ISA_USAGE = YES_ERROR;
				CLANG_WARN_DOCUMENTATION_COMMENTS = YES;
				CLANG_WARN_EMPTY_BODY = YES;
				CLANG_WARN_ENUM_CONVERSION = YES;
				CLANG_WARN_INFINITE_RECURSION = YES;
				CLANG_WARN_INT_CONVERSION = YES;
				CLANG_WARN_OBJC_ROOT_CLASS = YES_ERROR;
				CLANG_WARN_SUSPICIOUS_MOVE = YES;
				CLANG_WARN_UNREACHABLE_CODE = YES;
				CLANG_WARN__DUPLICATE_METHOD_MATCH = YES;
				"CODE_SIGN_IDENTITY[sdk=iphoneos*]" = "iPhone Developer";
				COPY_PHASE_STRIP = NO;
				DEBUG_INFORMATION_FORMAT = dwarf;
				ENABLE_STRICT_OBJC_MSGSEND = YES;
				ENABLE_TESTABILITY = YES;
				GCC_C_LANGUAGE_STANDARD = gnu99;
				GCC_DYNAMIC_NO_PIC = NO;
				GCC_NO_COMMON_BLOCKS = YES;
				GCC_OPTIMIZATION_LEVEL = 0;
				GCC_PREPROCESSOR_DEFINITIONS = (
					"DEBUG=1",
					"$(inherited)",
				);
				GCC_WARN_64_TO_32_BIT_CONVERSION = YES;
				GCC_WARN_ABOUT_RETURN_TYPE = YES_ERROR;
				GCC_WARN_UNDECLARED_SELECTOR = YES;
				GCC_WARN_UNINITIALIZED_AUTOS = YES_AGGRESSIVE;
				GCC_WARN_UNUSED_FUNCTION = YES;
				GCC_WARN_UNUSED_VARIABLE = YES;
				IPHONEOS_DEPLOYMENT_TARGET = 10.3;
				MTL_ENABLE_DEBUG_INFO = YES;
				ONLY_ACTIVE_ARCH = YES;
				SDKROOT = iphoneos;
				SWIFT_ACTIVE_COMPILATION_CONDITIONS = DEBUG;
				SWIFT_OPTIMIZATION_LEVEL = "-Onone";
				TARGETED_DEVICE_FAMILY = "1,2";
			};
			name = Debug;
		};
		4056DCB31F489A4D000EFB1B /* Release */ = {
			isa = XCBuildConfiguration;
			buildSettings = {
				ALWAYS_SEARCH_USER_PATHS = NO;
				CLANG_ANALYZER_NONNULL = YES;
				CLANG_ANALYZER_NUMBER_OBJECT_CONVERSION = YES_AGGRESSIVE;
				CLANG_CXX_LANGUAGE_STANDARD = "gnu++0x";
				CLANG_CXX_LIBRARY = "libc++";
				CLANG_ENABLE_MODULES = YES;
				CLANG_ENABLE_OBJC_ARC = YES;
				CLANG_WARN_BOOL_CONVERSION = YES;
				CLANG_WARN_CONSTANT_CONVERSION = YES;
				CLANG_WARN_DIRECT_OBJC_ISA_USAGE = YES_ERROR;
				CLANG_WARN_DOCUMENTATION_COMMENTS = YES;
				CLANG_WARN_EMPTY_BODY = YES;
				CLANG_WARN_ENUM_CONVERSION = YES;
				CLANG_WARN_INFINITE_RECURSION = YES;
				CLANG_WARN_INT_CONVERSION = YES;
				CLANG_WARN_OBJC_ROOT_CLASS = YES_ERROR;
				CLANG_WARN_SUSPICIOUS_MOVE = YES;
				CLANG_WARN_UNREACHABLE_CODE = YES;
				CLANG_WARN__DUPLICATE_METHOD_MATCH = YES;
				"CODE_SIGN_IDENTITY[sdk=iphoneos*]" = "iPhone Developer";
				COPY_PHASE_STRIP = NO;
				DEBUG_INFORMATION_FORMAT = "dwarf-with-dsym";
				ENABLE_NS_ASSERTIONS = NO;
				ENABLE_STRICT_OBJC_MSGSEND = YES;
				GCC_C_LANGUAGE_STANDARD = gnu99;
				GCC_NO_COMMON_BLOCKS = YES;
				GCC_WARN_64_TO_32_BIT_CONVERSION = YES;
				GCC_WARN_ABOUT_RETURN_TYPE = YES_ERROR;
				GCC_WARN_UNDECLARED_SELECTOR = YES;
				GCC_WARN_UNINITIALIZED_AUTOS = YES_AGGRESSIVE;
				GCC_WARN_UNUSED_FUNCTION = YES;
				GCC_WARN_UNUSED_VARIABLE = YES;
				IPHONEOS_DEPLOYMENT_TARGET = 10.3;
				MTL_ENABLE_DEBUG_INFO = NO;
				SDKROOT = iphoneos;
				SWIFT_OPTIMIZATION_LEVEL = "-Owholemodule";
				TARGETED_DEVICE_FAMILY = "1,2";
				VALIDATE_PRODUCT = YES;
			};
			name = Release;
		};
		4056DCB51F489A4D000EFB1B /* Debug */ = {
			isa = XCBuildConfiguration;
			buildSettings = {
				ASSETCATALOG_COMPILER_APPICON_NAME = AppIcon;
				INFOPLIST_FILE = restful_api/Info.plist;
				LD_RUNPATH_SEARCH_PATHS = "$(inherited) @executable_path/Frameworks";
				PRODUCT_BUNDLE_IDENTIFIER = "org.railsbridge.restful-api";
				PRODUCT_NAME = "$(TARGET_NAME)";
				SWIFT_VERSION = 3.0;
			};
			name = Debug;
		};
		4056DCB61F489A4D000EFB1B /* Release */ = {
			isa = XCBuildConfiguration;
			buildSettings = {
				ASSETCATALOG_COMPILER_APPICON_NAME = AppIcon;
				INFOPLIST_FILE = restful_api/Info.plist;
				LD_RUNPATH_SEARCH_PATHS = "$(inherited) @executable_path/Frameworks";
				PRODUCT_BUNDLE_IDENTIFIER = "org.railsbridge.restful-api";
				PRODUCT_NAME = "$(TARGET_NAME)";
				SWIFT_VERSION = 3.0;
			};
			name = Release;
		};
		4056DCB81F489A4D000EFB1B /* Debug */ = {
			isa = XCBuildConfiguration;
			buildSettings = {
				ALWAYS_EMBED_SWIFT_STANDARD_LIBRARIES = YES;
				BUNDLE_LOADER = "$(TEST_HOST)";
				INFOPLIST_FILE = restful_apiTests/Info.plist;
				LD_RUNPATH_SEARCH_PATHS = "$(inherited) @executable_path/Frameworks @loader_path/Frameworks";
				PRODUCT_BUNDLE_IDENTIFIER = "org.railsbridge.restful-apiTests";
				PRODUCT_NAME = "$(TARGET_NAME)";
				SWIFT_VERSION = 3.0;
				TEST_HOST = "$(BUILT_PRODUCTS_DIR)/restful_api.app/restful_api";
			};
			name = Debug;
		};
		4056DCB91F489A4D000EFB1B /* Release */ = {
			isa = XCBuildConfiguration;
			buildSettings = {
				ALWAYS_EMBED_SWIFT_STANDARD_LIBRARIES = YES;
				BUNDLE_LOADER = "$(TEST_HOST)";
				INFOPLIST_FILE = restful_apiTests/Info.plist;
				LD_RUNPATH_SEARCH_PATHS = "$(inherited) @executable_path/Frameworks @loader_path/Frameworks";
				PRODUCT_BUNDLE_IDENTIFIER = "org.railsbridge.restful-apiTests";
				PRODUCT_NAME = "$(TARGET_NAME)";
				SWIFT_VERSION = 3.0;
				TEST_HOST = "$(BUILT_PRODUCTS_DIR)/restful_api.app/restful_api";
			};
			name = Release;
		};
		4056DCBB1F489A4D000EFB1B /* Debug */ = {
			isa = XCBuildConfiguration;
			buildSettings = {
				ALWAYS_EMBED_SWIFT_STANDARD_LIBRARIES = YES;
				INFOPLIST_FILE = restful_apiUITests/Info.plist;
				LD_RUNPATH_SEARCH_PATHS = "$(inherited) @executable_path/Frameworks @loader_path/Frameworks";
				PRODUCT_BUNDLE_IDENTIFIER = "org.railsbridge.restful-apiUITests";
				PRODUCT_NAME = "$(TARGET_NAME)";
				SWIFT_VERSION = 3.0;
				TEST_TARGET_NAME = restful_api;
			};
			name = Debug;
		};
		4056DCBC1F489A4D000EFB1B /* Release */ = {
			isa = XCBuildConfiguration;
			buildSettings = {
				ALWAYS_EMBED_SWIFT_STANDARD_LIBRARIES = YES;
				INFOPLIST_FILE = restful_apiUITests/Info.plist;
				LD_RUNPATH_SEARCH_PATHS = "$(inherited) @executable_path/Frameworks @loader_path/Frameworks";
				PRODUCT_BUNDLE_IDENTIFIER = "org.railsbridge.restful-apiUITests";
				PRODUCT_NAME = "$(TARGET_NAME)";
				SWIFT_VERSION = 3.0;
				TEST_TARGET_NAME = restful_api;
			};
			name = Release;
		};
/* End XCBuildConfiguration section */

/* Begin XCConfigurationList section */
		4056DC871F489A4D000EFB1B /* Build configuration list for PBXProject "restful_api" */ = {
			isa = XCConfigurationList;
			buildConfigurations = (
				4056DCB21F489A4D000EFB1B /* Debug */,
				4056DCB31F489A4D000EFB1B /* Release */,
			);
			defaultConfigurationIsVisible = 0;
			defaultConfigurationName = Release;
		};
		4056DCB41F489A4D000EFB1B /* Build configuration list for PBXNativeTarget "restful_api" */ = {
			isa = XCConfigurationList;
			buildConfigurations = (
				4056DCB51F489A4D000EFB1B /* Debug */,
				4056DCB61F489A4D000EFB1B /* Release */,
			);
			defaultConfigurationIsVisible = 0;
		};
		4056DCB71F489A4D000EFB1B /* Build configuration list for PBXNativeTarget "restful_apiTests" */ = {
			isa = XCConfigurationList;
			buildConfigurations = (
				4056DCB81F489A4D000EFB1B /* Debug */,
				4056DCB91F489A4D000EFB1B /* Release */,
			);
			defaultConfigurationIsVisible = 0;
		};
		4056DCBA1F489A4D000EFB1B /* Build configuration list for PBXNativeTarget "restful_apiUITests" */ = {
			isa = XCConfigurationList;
			buildConfigurations = (
				4056DCBB1F489A4D000EFB1B /* Debug */,
				4056DCBC1F489A4D000EFB1B /* Release */,
			);
			defaultConfigurationIsVisible = 0;
		};
/* End XCConfigurationList section */
	};
	rootObject = 4056DC841F489A4D000EFB1B /* Project object */;
}
